
Microsoft Visual Studio Solution File, Format Version 12.00
# Visual Studio 15
VisualStudioVersion = 15.0.27428.1
MinimumVisualStudioVersion = 10.0.40219.1
Project("{FAE04EC0-301F-11D3-BF4B-00C04F79EFBC}") = "testfuncv1", "testfuncv1\testfuncv1.csproj", "{51824580-0746-4D64-B9F8-CCF11E2EFD8A}"
EndProject
Global
	GlobalSection(SolutionConfigurationPlatforms) = preSolution
		Debug|Any CPU = Debug|Any CPU
		Release|Any CPU = Release|Any CPU
	EndGlobalSection
	GlobalSection(ProjectConfigurationPlatforms) = postSolution
		{51824580-0746-4D64-B9F8-CCF11E2EFD8A}.Debug|Any CPU.ActiveCfg = Debug|Any CPU
		{51824580-0746-4D64-B9F8-CCF11E2EFD8A}.Debug|Any CPU.Build.0 = Debug|Any CPU
		{51824580-0746-4D64-B9F8-CCF11E2EFD8A}.Release|Any CPU.ActiveCfg = Release|Any CPU
		{51824580-0746-4D64-B9F8-CCF11E2EFD8A}.Release|Any CPU.Build.0 = Release|Any CPU
	EndGlobalSection
	GlobalSection(SolutionProperties) = preSolution
		HideSolutionNode = FALSE
	EndGlobalSection
	GlobalSection(ExtensibilityGlobals) = postSolution
		SolutionGuid = {D7C01887-E617-4070-B042-EC223ECE1B69}
	EndGlobalSection
EndGlobal
